
Microsoft Visual Studio Solution File, Format Version 12.00
# Visual Studio Version 17
VisualStudioVersion = 17.9.34728.123
MinimumVisualStudioVersion = 10.0.40219.1
Project("{FAE04EC0-301F-11D3-BF4B-00C04F79EFBC}") = "DejoaoPedro", "DejoaoPedro\DejoaoPedro.csproj", "{34FAEAA9-A609-4AFF-85F9-16270D1D0040}"
EndProject
Global
	GlobalSection(SolutionConfigurationPlatforms) = preSolution
		Debug|Any CPU = Debug|Any CPU
		Release|Any CPU = Release|Any CPU
	EndGlobalSection
	GlobalSection(ProjectConfigurationPlatforms) = postSolution
		{34FAEAA9-A609-4AFF-85F9-16270D1D0040}.Debug|Any CPU.ActiveCfg = Debug|Any CPU
		{34FAEAA9-A609-4AFF-85F9-16270D1D0040}.Debug|Any CPU.Build.0 = Debug|Any CPU
		{34FAEAA9-A609-4AFF-85F9-16270D1D0040}.Release|Any CPU.ActiveCfg = Release|Any CPU
		{34FAEAA9-A609-4AFF-85F9-16270D1D0040}.Release|Any CPU.Build.0 = Release|Any CPU
	EndGlobalSection
	GlobalSection(SolutionProperties) = preSolution
		HideSolutionNode = FALSE
	EndGlobalSection
	GlobalSection(ExtensibilityGlobals) = postSolution
		SolutionGuid = {8B59333C-C502-4EB6-A970-59F031A7119E}
	EndGlobalSection
EndGlobal
